
Microsoft Visual Studio Solution File, Format Version 12.00
# Visual Studio 2012
Project("{FAE04EC0-301F-11D3-BF4B-00C04F79EFBC}") = "Prism.Shell", "Prism.Shell\Prism.Shell.csproj", "{72579760-C43B-4B60-96F2-B0E3A96D8BEB}"
EndProject
Project("{FAE04EC0-301F-11D3-BF4B-00C04F79EFBC}") = "Prism.Module1", "Prism.Module1\Prism.Module1.csproj", "{5D59717B-BCB6-419B-8B10-D140FF3310CB}"
EndProject
Project("{FAE04EC0-301F-11D3-BF4B-00C04F79EFBC}") = "Prism.Entities", "Prism.Entities\Prism.Entities.csproj", "{FCFD0A58-4C9C-471A-9980-18BCD6E5ACCD}"
EndProject
Project("{FAE04EC0-301F-11D3-BF4B-00C04F79EFBC}") = "Prism.Infrastucture", "Prism.Infrastucture\Prism.Infrastucture.csproj", "{42CEC455-5189-4EE3-9DD0-EEBAB406F5E1}"
EndProject
Project("{FAE04EC0-301F-11D3-BF4B-00C04F79EFBC}") = "Prism.Module1.Tests", "Prism.Module1.Tests\Prism.Module1.Tests.csproj", "{A477617D-5F65-471C-A3A1-F83E1AFB466F}"
EndProject
Project("{2150E333-8FDC-42A3-9474-1A3956D46DE8}") = "Solution Items", "Solution Items", "{3AE15A98-56D0-4BEF-84AE-49468F244030}"
	ProjectSection(SolutionItems) = preProject
		Tests.nunit = Tests.nunit
	EndProjectSection
EndProject
Project("{FAE04EC0-301F-11D3-BF4B-00C04F79EFBC}") = "Prism.ServiceDataAccess", "Prism.ServiceDataAccess\Prism.ServiceDataAccess.csproj", "{7814AC62-004A-405A-9D3E-FD16A7A68A0A}"
EndProject
Project("{FAE04EC0-301F-11D3-BF4B-00C04F79EFBC}") = "Prism.StatusBarModule", "Prism.StatusBarModule\Prism.StatusBarModule.csproj", "{41BC48AD-7E1C-435E-B708-62447160972B}"
EndProject
Project("{FAE04EC0-301F-11D3-BF4B-00C04F79EFBC}") = "Prism.DialogBoxModule", "Prism.DialogBoxModule\Prism.DialogBoxModule.csproj", "{D8D30F38-4892-45B2-A482-8815B6D819C8}"
EndProject
Project("{FAE04EC0-301F-11D3-BF4B-00C04F79EFBC}") = "Prism.ServiceContracts", "Prism.ServiceContracts\Prism.ServiceContracts.csproj", "{15B3E0D2-6217-493A-A690-158C497F5318}"
EndProject
Project("{FAE04EC0-301F-11D3-BF4B-00C04F79EFBC}") = "Prism.WCFService", "Prism.WCFService\Prism.WCFService.csproj", "{5478A69C-D545-482D-B8B2-3E9FE4783D4C}"
EndProject
Project("{FAE04EC0-301F-11D3-BF4B-00C04F79EFBC}") = "Prism.WCFConsolHost", "Prism.WCFConsolHost\Prism.WCFConsolHost.csproj", "{BEEFFDB1-24F1-467C-8E3B-C9E44DB318C8}"
EndProject
Global
	GlobalSection(SolutionConfigurationPlatforms) = preSolution
		Debug|Any CPU = Debug|Any CPU
		Release|Any CPU = Release|Any CPU
	EndGlobalSection
	GlobalSection(ProjectConfigurationPlatforms) = postSolution
		{72579760-C43B-4B60-96F2-B0E3A96D8BEB}.Debug|Any CPU.ActiveCfg = Debug|Any CPU
		{72579760-C43B-4B60-96F2-B0E3A96D8BEB}.Debug|Any CPU.Build.0 = Debug|Any CPU
		{72579760-C43B-4B60-96F2-B0E3A96D8BEB}.Release|Any CPU.ActiveCfg = Release|Any CPU
		{72579760-C43B-4B60-96F2-B0E3A96D8BEB}.Release|Any CPU.Build.0 = Release|Any CPU
		{5D59717B-BCB6-419B-8B10-D140FF3310CB}.Debug|Any CPU.ActiveCfg = Debug|Any CPU
		{5D59717B-BCB6-419B-8B10-D140FF3310CB}.Debug|Any CPU.Build.0 = Debug|Any CPU
		{5D59717B-BCB6-419B-8B10-D140FF3310CB}.Release|Any CPU.ActiveCfg = Release|Any CPU
		{5D59717B-BCB6-419B-8B10-D140FF3310CB}.Release|Any CPU.Build.0 = Release|Any CPU
		{FCFD0A58-4C9C-471A-9980-18BCD6E5ACCD}.Debug|Any CPU.ActiveCfg = Debug|Any CPU
		{FCFD0A58-4C9C-471A-9980-18BCD6E5ACCD}.Debug|Any CPU.Build.0 = Debug|Any CPU
		{FCFD0A58-4C9C-471A-9980-18BCD6E5ACCD}.Release|Any CPU.ActiveCfg = Release|Any CPU
		{FCFD0A58-4C9C-471A-9980-18BCD6E5ACCD}.Release|Any CPU.Build.0 = Release|Any CPU
		{42CEC455-5189-4EE3-9DD0-EEBAB406F5E1}.Debug|Any CPU.ActiveCfg = Debug|Any CPU
		{42CEC455-5189-4EE3-9DD0-EEBAB406F5E1}.Debug|Any CPU.Build.0 = Debug|Any CPU
		{42CEC455-5189-4EE3-9DD0-EEBAB406F5E1}.Release|Any CPU.ActiveCfg = Release|Any CPU
		{42CEC455-5189-4EE3-9DD0-EEBAB406F5E1}.Release|Any CPU.Build.0 = Release|Any CPU
		{A477617D-5F65-471C-A3A1-F83E1AFB466F}.Debug|Any CPU.ActiveCfg = Debug|Any CPU
		{A477617D-5F65-471C-A3A1-F83E1AFB466F}.Debug|Any CPU.Build.0 = Debug|Any CPU
		{A477617D-5F65-471C-A3A1-F83E1AFB466F}.Release|Any CPU.ActiveCfg = Release|Any CPU
		{A477617D-5F65-471C-A3A1-F83E1AFB466F}.Release|Any CPU.Build.0 = Release|Any CPU
		{7814AC62-004A-405A-9D3E-FD16A7A68A0A}.Debug|Any CPU.ActiveCfg = Debug|Any CPU
		{7814AC62-004A-405A-9D3E-FD16A7A68A0A}.Debug|Any CPU.Build.0 = Debug|Any CPU
		{7814AC62-004A-405A-9D3E-FD16A7A68A0A}.Release|Any CPU.ActiveCfg = Release|Any CPU
		{7814AC62-004A-405A-9D3E-FD16A7A68A0A}.Release|Any CPU.Build.0 = Release|Any CPU
		{41BC48AD-7E1C-435E-B708-62447160972B}.Debug|Any CPU.ActiveCfg = Debug|Any CPU
		{41BC48AD-7E1C-435E-B708-62447160972B}.Debug|Any CPU.Build.0 = Debug|Any CPU
		{41BC48AD-7E1C-435E-B708-62447160972B}.Release|Any CPU.ActiveCfg = Release|Any CPU
		{41BC48AD-7E1C-435E-B708-62447160972B}.Release|Any CPU.Build.0 = Release|Any CPU
		{D8D30F38-4892-45B2-A482-8815B6D819C8}.Debug|Any CPU.ActiveCfg = Debug|Any CPU
		{D8D30F38-4892-45B2-A482-8815B6D819C8}.Debug|Any CPU.Build.0 = Debug|Any CPU
		{D8D30F38-4892-45B2-A482-8815B6D819C8}.Release|Any CPU.ActiveCfg = Release|Any CPU
		{D8D30F38-4892-45B2-A482-8815B6D819C8}.Release|Any CPU.Build.0 = Release|Any CPU
		{15B3E0D2-6217-493A-A690-158C497F5318}.Debug|Any CPU.ActiveCfg = Debug|Any CPU
		{15B3E0D2-6217-493A-A690-158C497F5318}.Debug|Any CPU.Build.0 = Debug|Any CPU
		{15B3E0D2-6217-493A-A690-158C497F5318}.Release|Any CPU.ActiveCfg = Release|Any CPU
		{15B3E0D2-6217-493A-A690-158C497F5318}.Release|Any CPU.Build.0 = Release|Any CPU
		{5478A69C-D545-482D-B8B2-3E9FE4783D4C}.Debug|Any CPU.ActiveCfg = Debug|Any CPU
		{5478A69C-D545-482D-B8B2-3E9FE4783D4C}.Debug|Any CPU.Build.0 = Debug|Any CPU
		{5478A69C-D545-482D-B8B2-3E9FE4783D4C}.Release|Any CPU.ActiveCfg = Release|Any CPU
		{5478A69C-D545-482D-B8B2-3E9FE4783D4C}.Release|Any CPU.Build.0 = Release|Any CPU
		{BEEFFDB1-24F1-467C-8E3B-C9E44DB318C8}.Debug|Any CPU.ActiveCfg = Debug|Any CPU
		{BEEFFDB1-24F1-467C-8E3B-C9E44DB318C8}.Debug|Any CPU.Build.0 = Debug|Any CPU
		{BEEFFDB1-24F1-467C-8E3B-C9E44DB318C8}.Release|Any CPU.ActiveCfg = Release|Any CPU
		{BEEFFDB1-24F1-467C-8E3B-C9E44DB318C8}.Release|Any CPU.Build.0 = Release|Any CPU
	EndGlobalSection
	GlobalSection(SolutionProperties) = preSolution
		HideSolutionNode = FALSE
	EndGlobalSection
EndGlobal
